// !$*UTF8*$!
{
	archiveVersion = 1;
	classes = {
	};
	objectVersion = 46;
	objects = {

/* Begin PBXBuildFile section */
		BA02FA011C4603AA0022517E /* HoldProductCell.swift in Sources */ = {isa = PBXBuildFile; fileRef = BA02FA001C4603AA0022517E /* HoldProductCell.swift */; };
		BA5CF5671C28C2A6008F5DFB /* AppDelegate.swift in Sources */ = {isa = PBXBuildFile; fileRef = BA5CF5661C28C2A6008F5DFB /* AppDelegate.swift */; };
		BA5CF5691C28C2A6008F5DFB /* ViewController.swift in Sources */ = {isa = PBXBuildFile; fileRef = BA5CF5681C28C2A6008F5DFB /* ViewController.swift */; };
		BA5CF56C1C28C2A6008F5DFB /* Main.storyboard in Resources */ = {isa = PBXBuildFile; fileRef = BA5CF56A1C28C2A6008F5DFB /* Main.storyboard */; };
		BA5CF56E1C28C2A6008F5DFB /* Assets.xcassets in Resources */ = {isa = PBXBuildFile; fileRef = BA5CF56D1C28C2A6008F5DFB /* Assets.xcassets */; };
		BA5CF5711C28C2A6008F5DFB /* LaunchScreen.storyboard in Resources */ = {isa = PBXBuildFile; fileRef = BA5CF56F1C28C2A6008F5DFB /* LaunchScreen.storyboard */; };
		BAD7E0101C39BA380076E61B /* CellDescriptorList copy.plist in Resources */ = {isa = PBXBuildFile; fileRef = BAD7E00F1C39BA370076E61B /* CellDescriptorList copy.plist */; };
		BAD7E0121C39BB020076E61B /* CustomCell.swift in Sources */ = {isa = PBXBuildFile; fileRef = BAD7E0111C39BB020076E61B /* CustomCell.swift */; };
		BAD7E01A1C39BC420076E61B /* DatePickerCell.xib in Resources */ = {isa = PBXBuildFile; fileRef = BAD7E0141C39BC420076E61B /* DatePickerCell.xib */; };
		BAD7E01B1C39BC420076E61B /* NormalCell.xib in Resources */ = {isa = PBXBuildFile; fileRef = BAD7E0151C39BC420076E61B /* NormalCell.xib */; };
		BAD7E01C1C39BC420076E61B /* SliderCell.xib in Resources */ = {isa = PBXBuildFile; fileRef = BAD7E0161C39BC420076E61B /* SliderCell.xib */; };
		BAD7E01D1C39BC420076E61B /* SwitchCell.xib in Resources */ = {isa = PBXBuildFile; fileRef = BAD7E0171C39BC420076E61B /* SwitchCell.xib */; };
		BAD7E01E1C39BC420076E61B /* TextfieldCell.xib in Resources */ = {isa = PBXBuildFile; fileRef = BAD7E0181C39BC420076E61B /* TextfieldCell.xib */; };
		BAD7E01F1C39BC420076E61B /* ValuePickerCell.xib in Resources */ = {isa = PBXBuildFile; fileRef = BAD7E0191C39BC420076E61B /* ValuePickerCell.xib */; };
		BAD7E0211C39BCAE0076E61B /* searchVC.swift in Sources */ = {isa = PBXBuildFile; fileRef = BAD7E0201C39BCAE0076E61B /* searchVC.swift */; };
		BAD7E0251C3A69F30076E61B /* SearchResultVC.swift in Sources */ = {isa = PBXBuildFile; fileRef = BAD7E0241C3A69F30076E61B /* SearchResultVC.swift */; };
		BAD7E0271C3A7D230076E61B /* Product.swift in Sources */ = {isa = PBXBuildFile; fileRef = BAD7E0261C3A7D230076E61B /* Product.swift */; };
		BAD7E0291C3A7F020076E61B /* Constants.swift in Sources */ = {isa = PBXBuildFile; fileRef = BAD7E0281C3A7F020076E61B /* Constants.swift */; };
		BAD7E02B1C3A9A500076E61B /* ResultCell.swift in Sources */ = {isa = PBXBuildFile; fileRef = BAD7E02A1C3A9A500076E61B /* ResultCell.swift */; };
		BAD7E02D1C3D4DAD0076E61B /* ProductDetailVC.swift in Sources */ = {isa = PBXBuildFile; fileRef = BAD7E02C1C3D4DAD0076E61B /* ProductDetailVC.swift */; };
		BAD7E02F1C3D6E660076E61B /* Artist.swift in Sources */ = {isa = PBXBuildFile; fileRef = BAD7E02E1C3D6E660076E61B /* Artist.swift */; };
		BAD7E0341C3D7A670076E61B /* ArtistCell.swift in Sources */ = {isa = PBXBuildFile; fileRef = BAD7E0331C3D7A670076E61B /* ArtistCell.swift */; };
		BAD7E0361C3D7E3E0076E61B /* BrowseArtistVC.swift in Sources */ = {isa = PBXBuildFile; fileRef = BAD7E0351C3D7E3E0076E61B /* BrowseArtistVC.swift */; };
		BAD7E0381C3D8FF10076E61B /* ArtistDetailVC.swift in Sources */ = {isa = PBXBuildFile; fileRef = BAD7E0371C3D8FF10076E61B /* ArtistDetailVC.swift */; };
		BAD7E03B1C4592160076E61B /* MEA_CoreData.xcdatamodeld in Sources */ = {isa = PBXBuildFile; fileRef = BAD7E0391C4592160076E61B /* MEA_CoreData.xcdatamodeld */; };
		BAD7E03D1C4596810076E61B /* CartVC.swift in Sources */ = {isa = PBXBuildFile; fileRef = BAD7E03C1C4596810076E61B /* CartVC.swift */; };
		BAD7E0901C45E68B0076E61B /* HoldProduct+CoreDataProperties.swift in Sources */ = {isa = PBXBuildFile; fileRef = BAD7E08E1C45E68B0076E61B /* HoldProduct+CoreDataProperties.swift */; };
		BAD7E0911C45E68B0076E61B /* HoldProduct.swift in Sources */ = {isa = PBXBuildFile; fileRef = BAD7E08F1C45E68B0076E61B /* HoldProduct.swift */; };
/* End PBXBuildFile section */

/* Begin PBXFileReference section */
		BA02FA001C4603AA0022517E /* HoldProductCell.swift */ = {isa = PBXFileReference; fileEncoding = 4; lastKnownFileType = sourcecode.swift; path = HoldProductCell.swift; sourceTree = "<group>"; };
		BA5CF5631C28C2A6008F5DFB /* MarketEventApp.app */ = {isa = PBXFileReference; explicitFileType = wrapper.application; includeInIndex = 0; path = MarketEventApp.app; sourceTree = BUILT_PRODUCTS_DIR; };
		BA5CF5661C28C2A6008F5DFB /* AppDelegate.swift */ = {isa = PBXFileReference; lastKnownFileType = sourcecode.swift; path = AppDelegate.swift; sourceTree = "<group>"; };
		BA5CF5681C28C2A6008F5DFB /* ViewController.swift */ = {isa = PBXFileReference; lastKnownFileType = sourcecode.swift; path = ViewController.swift; sourceTree = "<group>"; };
		BA5CF56B1C28C2A6008F5DFB /* Base */ = {isa = PBXFileReference; lastKnownFileType = file.storyboard; name = Base; path = Base.lproj/Main.storyboard; sourceTree = "<group>"; };
		BA5CF56D1C28C2A6008F5DFB /* Assets.xcassets */ = {isa = PBXFileReference; lastKnownFileType = folder.assetcatalog; path = Assets.xcassets; sourceTree = "<group>"; };
		BA5CF5701C28C2A6008F5DFB /* Base */ = {isa = PBXFileReference; lastKnownFileType = file.storyboard; name = Base; path = Base.lproj/LaunchScreen.storyboard; sourceTree = "<group>"; };
		BA5CF5721C28C2A6008F5DFB /* Info.plist */ = {isa = PBXFileReference; lastKnownFileType = text.plist.xml; path = Info.plist; sourceTree = "<group>"; };
		BAD7E00F1C39BA370076E61B /* CellDescriptorList copy.plist */ = {isa = PBXFileReference; fileEncoding = 4; lastKnownFileType = text.plist.xml; path = "CellDescriptorList copy.plist"; sourceTree = "<group>"; };
		BAD7E0111C39BB020076E61B /* CustomCell.swift */ = {isa = PBXFileReference; fileEncoding = 4; lastKnownFileType = sourcecode.swift; path = CustomCell.swift; sourceTree = "<group>"; };
		BAD7E0141C39BC420076E61B /* DatePickerCell.xib */ = {isa = PBXFileReference; fileEncoding = 4; lastKnownFileType = file.xib; path = DatePickerCell.xib; sourceTree = "<group>"; };
		BAD7E0151C39BC420076E61B /* NormalCell.xib */ = {isa = PBXFileReference; fileEncoding = 4; lastKnownFileType = file.xib; path = NormalCell.xib; sourceTree = "<group>"; };
		BAD7E0161C39BC420076E61B /* SliderCell.xib */ = {isa = PBXFileReference; fileEncoding = 4; lastKnownFileType = file.xib; path = SliderCell.xib; sourceTree = "<group>"; };
		BAD7E0171C39BC420076E61B /* SwitchCell.xib */ = {isa = PBXFileReference; fileEncoding = 4; lastKnownFileType = file.xib; path = SwitchCell.xib; sourceTree = "<group>"; };
		BAD7E0181C39BC420076E61B /* TextfieldCell.xib */ = {isa = PBXFileReference; fileEncoding = 4; lastKnownFileType = file.xib; path = TextfieldCell.xib; sourceTree = "<group>"; };
		BAD7E0191C39BC420076E61B /* ValuePickerCell.xib */ = {isa = PBXFileReference; fileEncoding = 4; lastKnownFileType = file.xib; path = ValuePickerCell.xib; sourceTree = "<group>"; };
		BAD7E0201C39BCAE0076E61B /* searchVC.swift */ = {isa = PBXFileReference; fileEncoding = 4; lastKnownFileType = sourcecode.swift; path = searchVC.swift; sourceTree = "<group>"; };
		BAD7E0241C3A69F30076E61B /* SearchResultVC.swift */ = {isa = PBXFileReference; fileEncoding = 4; lastKnownFileType = sourcecode.swift; path = SearchResultVC.swift; sourceTree = "<group>"; };
		BAD7E0261C3A7D230076E61B /* Product.swift */ = {isa = PBXFileReference; fileEncoding = 4; lastKnownFileType = sourcecode.swift; path = Product.swift; sourceTree = "<group>"; };
		BAD7E0281C3A7F020076E61B /* Constants.swift */ = {isa = PBXFileReference; fileEncoding = 4; lastKnownFileType = sourcecode.swift; path = Constants.swift; sourceTree = "<group>"; };
		BAD7E02A1C3A9A500076E61B /* ResultCell.swift */ = {isa = PBXFileReference; fileEncoding = 4; lastKnownFileType = sourcecode.swift; path = ResultCell.swift; sourceTree = "<group>"; };
		BAD7E02C1C3D4DAD0076E61B /* ProductDetailVC.swift */ = {isa = PBXFileReference; fileEncoding = 4; lastKnownFileType = sourcecode.swift; path = ProductDetailVC.swift; sourceTree = "<group>"; };
		BAD7E02E1C3D6E660076E61B /* Artist.swift */ = {isa = PBXFileReference; fileEncoding = 4; lastKnownFileType = sourcecode.swift; path = Artist.swift; sourceTree = "<group>"; };
		BAD7E0331C3D7A670076E61B /* ArtistCell.swift */ = {isa = PBXFileReference; fileEncoding = 4; lastKnownFileType = sourcecode.swift; path = ArtistCell.swift; sourceTree = "<group>"; };
		BAD7E0351C3D7E3E0076E61B /* BrowseArtistVC.swift */ = {isa = PBXFileReference; fileEncoding = 4; lastKnownFileType = sourcecode.swift; path = BrowseArtistVC.swift; sourceTree = "<group>"; };
		BAD7E0371C3D8FF10076E61B /* ArtistDetailVC.swift */ = {isa = PBXFileReference; fileEncoding = 4; lastKnownFileType = sourcecode.swift; path = ArtistDetailVC.swift; sourceTree = "<group>"; };
		BAD7E03A1C4592160076E61B /* MEA_CoreData.xcdatamodel */ = {isa = PBXFileReference; lastKnownFileType = wrapper.xcdatamodel; path = MEA_CoreData.xcdatamodel; sourceTree = "<group>"; };
		BAD7E03C1C4596810076E61B /* CartVC.swift */ = {isa = PBXFileReference; fileEncoding = 4; lastKnownFileType = sourcecode.swift; path = CartVC.swift; sourceTree = "<group>"; };
		BAD7E08E1C45E68B0076E61B /* HoldProduct+CoreDataProperties.swift */ = {isa = PBXFileReference; fileEncoding = 4; lastKnownFileType = sourcecode.swift; name = "HoldProduct+CoreDataProperties.swift"; path = "../HoldProduct+CoreDataProperties.swift"; sourceTree = "<group>"; };
		BAD7E08F1C45E68B0076E61B /* HoldProduct.swift */ = {isa = PBXFileReference; fileEncoding = 4; lastKnownFileType = sourcecode.swift; name = HoldProduct.swift; path = ../HoldProduct.swift; sourceTree = "<group>"; };
/* End PBXFileReference section */

/* Begin PBXFrameworksBuildPhase section */
		BA5CF5601C28C2A5008F5DFB /* Frameworks */ = {
			isa = PBXFrameworksBuildPhase;
			buildActionMask = 2147483647;
			files = (
			);
			runOnlyForDeploymentPostprocessing = 0;
		};
/* End PBXFrameworksBuildPhase section */

/* Begin PBXGroup section */
		BA5CF55A1C28C2A5008F5DFB = {
			isa = PBXGroup;
			children = (
				BA5CF5651C28C2A6008F5DFB /* MarketEventApp */,
				BA5CF5641C28C2A6008F5DFB /* Products */,
			);
			sourceTree = "<group>";
		};
		BA5CF5641C28C2A6008F5DFB /* Products */ = {
			isa = PBXGroup;
			children = (
				BA5CF5631C28C2A6008F5DFB /* MarketEventApp.app */,
			);
			name = Products;
			sourceTree = "<group>";
		};
		BA5CF5651C28C2A6008F5DFB /* MarketEventApp */ = {
			isa = PBXGroup;
			children = (
				BAD7E0301C3D6E6F0076E61B /* Model */,
				BAD7E0321C3D6E980076E61B /* View */,
				BAD7E0311C3D6E7F0076E61B /* Controller */,
				BA5CF5661C28C2A6008F5DFB /* AppDelegate.swift */,
				BAD7E0281C3A7F020076E61B /* Constants.swift */,
				BAD7E0131C39BBAA0076E61B /* CustomCell */,
				BA5CF56D1C28C2A6008F5DFB /* Assets.xcassets */,
				BAD7E00F1C39BA370076E61B /* CellDescriptorList copy.plist */,
				BA5CF5721C28C2A6008F5DFB /* Info.plist */,
				BAD7E0391C4592160076E61B /* MEA_CoreData.xcdatamodeld */,
			);
			path = MarketEventApp;
			sourceTree = "<group>";
		};
		BAD7E0131C39BBAA0076E61B /* CustomCell */ = {
			isa = PBXGroup;
			children = (
				BAD7E0141C39BC420076E61B /* DatePickerCell.xib */,
				BAD7E0151C39BC420076E61B /* NormalCell.xib */,
				BAD7E0161C39BC420076E61B /* SliderCell.xib */,
				BAD7E0171C39BC420076E61B /* SwitchCell.xib */,
				BAD7E0181C39BC420076E61B /* TextfieldCell.xib */,
				BAD7E0191C39BC420076E61B /* ValuePickerCell.xib */,
			);
			name = CustomCell;
			sourceTree = "<group>";
		};
		BAD7E0301C3D6E6F0076E61B /* Model */ = {
			isa = PBXGroup;
			children = (
				BAD7E08E1C45E68B0076E61B /* HoldProduct+CoreDataProperties.swift */,
				BAD7E08F1C45E68B0076E61B /* HoldProduct.swift */,
				BAD7E0261C3A7D230076E61B /* Product.swift */,
				BAD7E02E1C3D6E660076E61B /* Artist.swift */,
			);
			name = Model;
			sourceTree = "<group>";
		};
		BAD7E0311C3D6E7F0076E61B /* Controller */ = {
			isa = PBXGroup;
			children = (
				BA5CF5681C28C2A6008F5DFB /* ViewController.swift */,
				BAD7E0201C39BCAE0076E61B /* searchVC.swift */,
				BAD7E0111C39BB020076E61B /* CustomCell.swift */,
				BAD7E0241C3A69F30076E61B /* SearchResultVC.swift */,
				BAD7E02C1C3D4DAD0076E61B /* ProductDetailVC.swift */,
				BAD7E0351C3D7E3E0076E61B /* BrowseArtistVC.swift */,
				BAD7E0371C3D8FF10076E61B /* ArtistDetailVC.swift */,
				BAD7E03C1C4596810076E61B /* CartVC.swift */,
			);
			name = Controller;
			sourceTree = "<group>";
		};
		BAD7E0321C3D6E980076E61B /* View */ = {
			isa = PBXGroup;
			children = (
				BA5CF56F1C28C2A6008F5DFB /* LaunchScreen.storyboard */,
				BA5CF56A1C28C2A6008F5DFB /* Main.storyboard */,
				BAD7E02A1C3A9A500076E61B /* ResultCell.swift */,
				BAD7E0331C3D7A670076E61B /* ArtistCell.swift */,
				BA02FA001C4603AA0022517E /* HoldProductCell.swift */,
			);
			name = View;
			sourceTree = "<group>";
		};
/* End PBXGroup section */

/* Begin PBXNativeTarget section */
		BA5CF5621C28C2A5008F5DFB /* MarketEventApp */ = {
			isa = PBXNativeTarget;
			buildConfigurationList = BA5CF5751C28C2A6008F5DFB /* Build configuration list for PBXNativeTarget "MarketEventApp" */;
			buildPhases = (
				BA5CF55F1C28C2A5008F5DFB /* Sources */,
				BA5CF5601C28C2A5008F5DFB /* Frameworks */,
				BA5CF5611C28C2A5008F5DFB /* Resources */,
			);
			buildRules = (
			);
			dependencies = (
			);
			name = MarketEventApp;
			productName = MarketEventApp;
			productReference = BA5CF5631C28C2A6008F5DFB /* MarketEventApp.app */;
			productType = "com.apple.product-type.application";
		};
/* End PBXNativeTarget section */

/* Begin PBXProject section */
		BA5CF55B1C28C2A5008F5DFB /* Project object */ = {
			isa = PBXProject;
			attributes = {
				LastSwiftUpdateCheck = 0720;
				LastUpgradeCheck = 0720;
				ORGANIZATIONNAME = CODECOOP;
				TargetAttributes = {
					BA5CF5621C28C2A5008F5DFB = {
						CreatedOnToolsVersion = 7.2;
					};
				};
			};
			buildConfigurationList = BA5CF55E1C28C2A5008F5DFB /* Build configuration list for PBXProject "MarketEventApp" */;
			compatibilityVersion = "Xcode 3.2";
			developmentRegion = English;
			hasScannedForEncodings = 0;
			knownRegions = (
				en,
				Base,
			);
			mainGroup = BA5CF55A1C28C2A5008F5DFB;
			productRefGroup = BA5CF5641C28C2A6008F5DFB /* Products */;
			projectDirPath = "";
			projectRoot = "";
			targets = (
				BA5CF5621C28C2A5008F5DFB /* MarketEventApp */,
			);
		};
/* End PBXProject section */

/* Begin PBXResourcesBuildPhase section */
		BA5CF5611C28C2A5008F5DFB /* Resources */ = {
			isa = PBXResourcesBuildPhase;
			buildActionMask = 2147483647;
			files = (
				BA5CF5711C28C2A6008F5DFB /* LaunchScreen.storyboard in Resources */,
				BAD7E01D1C39BC420076E61B /* SwitchCell.xib in Resources */,
				BAD7E0101C39BA380076E61B /* CellDescriptorList copy.plist in Resources */,
				BAD7E01A1C39BC420076E61B /* DatePickerCell.xib in Resources */,
				BAD7E01E1C39BC420076E61B /* TextfieldCell.xib in Resources */,
				BAD7E01C1C39BC420076E61B /* SliderCell.xib in Resources */,
				BA5CF56E1C28C2A6008F5DFB /* Assets.xcassets in Resources */,
				BAD7E01F1C39BC420076E61B /* ValuePickerCell.xib in Resources */,
				BAD7E01B1C39BC420076E61B /* NormalCell.xib in Resources */,
				BA5CF56C1C28C2A6008F5DFB /* Main.storyboard in Resources */,
			);
			runOnlyForDeploymentPostprocessing = 0;
		};
/* End PBXResourcesBuildPhase section */

/* Begin PBXSourcesBuildPhase section */
		BA5CF55F1C28C2A5008F5DFB /* Sources */ = {
			isa = PBXSourcesBuildPhase;
			buildActionMask = 2147483647;
			files = (
				BAD7E0341C3D7A670076E61B /* ArtistCell.swift in Sources */,
				BAD7E0211C39BCAE0076E61B /* searchVC.swift in Sources */,
				BAD7E0901C45E68B0076E61B /* HoldProduct+CoreDataProperties.swift in Sources */,
				BA5CF5691C28C2A6008F5DFB /* ViewController.swift in Sources */,
				BAD7E02B1C3A9A500076E61B /* ResultCell.swift in Sources */,
				BAD7E0121C39BB020076E61B /* CustomCell.swift in Sources */,
				BAD7E0361C3D7E3E0076E61B /* BrowseArtistVC.swift in Sources */,
				BA5CF5671C28C2A6008F5DFB /* AppDelegate.swift in Sources */,
				BAD7E0291C3A7F020076E61B /* Constants.swift in Sources */,
				BAD7E03D1C4596810076E61B /* CartVC.swift in Sources */,
				BAD7E0251C3A69F30076E61B /* SearchResultVC.swift in Sources */,
				BAD7E02D1C3D4DAD0076E61B /* ProductDetailVC.swift in Sources */,
				BAD7E0911C45E68B0076E61B /* HoldProduct.swift in Sources */,
				BAD7E02F1C3D6E660076E61B /* Artist.swift in Sources */,
				BA02FA011C4603AA0022517E /* HoldProductCell.swift in Sources */,
				BAD7E0271C3A7D230076E61B /* Product.swift in Sources */,
				BAD7E03B1C4592160076E61B /* MEA_CoreData.xcdatamodeld in Sources */,
				BAD7E0381C3D8FF10076E61B /* ArtistDetailVC.swift in Sources */,
			);
			runOnlyForDeploymentPostprocessing = 0;
		};
/* End PBXSourcesBuildPhase section */

/* Begin PBXVariantGroup section */
		BA5CF56A1C28C2A6008F5DFB /* Main.storyboard */ = {
			isa = PBXVariantGroup;
			children = (
				BA5CF56B1C28C2A6008F5DFB /* Base */,
			);
			name = Main.storyboard;
			sourceTree = "<group>";
		};
		BA5CF56F1C28C2A6008F5DFB /* LaunchScreen.storyboard */ = {
			isa = PBXVariantGroup;
			children = (
				BA5CF5701C28C2A6008F5DFB /* Base */,
			);
			name = LaunchScreen.storyboard;
			sourceTree = "<group>";
		};
/* End PBXVariantGroup section */

/* Begin XCBuildConfiguration section */
		BA5CF5731C28C2A6008F5DFB /* Debug */ = {
			isa = XCBuildConfiguration;
			buildSettings = {
				ALWAYS_SEARCH_USER_PATHS = NO;
				CLANG_CXX_LANGUAGE_STANDARD = "gnu++0x";
				CLANG_CXX_LIBRARY = "libc++";
				CLANG_ENABLE_MODULES = YES;
				CLANG_ENABLE_OBJC_ARC = YES;
				CLANG_WARN_BOOL_CONVERSION = YES;
				CLANG_WARN_CONSTANT_CONVERSION = YES;
				CLANG_WARN_DIRECT_OBJC_ISA_USAGE = YES_ERROR;
				CLANG_WARN_EMPTY_BODY = YES;
				CLANG_WARN_ENUM_CONVERSION = YES;
				CLANG_WARN_INT_CONVERSION = YES;
				CLANG_WARN_OBJC_ROOT_CLASS = YES_ERROR;
				CLANG_WARN_UNREACHABLE_CODE = YES;
				CLANG_WARN__DUPLICATE_METHOD_MATCH = YES;
				"CODE_SIGN_IDENTITY[sdk=iphoneos*]" = "iPhone Developer";
				COPY_PHASE_STRIP = NO;
				DEBUG_INFORMATION_FORMAT = dwarf;
				ENABLE_STRICT_OBJC_MSGSEND = YES;
				ENABLE_TESTABILITY = YES;
				GCC_C_LANGUAGE_STANDARD = gnu99;
				GCC_DYNAMIC_NO_PIC = NO;
				GCC_NO_COMMON_BLOCKS = YES;
				GCC_OPTIMIZATION_LEVEL = 0;
				GCC_PREPROCESSOR_DEFINITIONS = (
					"DEBUG=1",
					"$(inherited)",
				);
				GCC_WARN_64_TO_32_BIT_CONVERSION = YES;
				GCC_WARN_ABOUT_RETURN_TYPE = YES_ERROR;
				GCC_WARN_UNDECLARED_SELECTOR = YES;
				GCC_WARN_UNINITIALIZED_AUTOS = YES_AGGRESSIVE;
				GCC_WARN_UNUSED_FUNCTION = YES;
				GCC_WARN_UNUSED_VARIABLE = YES;
				IPHONEOS_DEPLOYMENT_TARGET = 9.2;
				MTL_ENABLE_DEBUG_INFO = YES;
				ONLY_ACTIVE_ARCH = YES;
				SDKROOT = iphoneos;
				SWIFT_OPTIMIZATION_LEVEL = "-Onone";
			};
			name = Debug;
		};
		BA5CF5741C28C2A6008F5DFB /* Release */ = {
			isa = XCBuildConfiguration;
			buildSettings = {
				ALWAYS_SEARCH_USER_PATHS = NO;
				CLANG_CXX_LANGUAGE_STANDARD = "gnu++0x";
				CLANG_CXX_LIBRARY = "libc++";
				CLANG_ENABLE_MODULES = YES;
				CLANG_ENABLE_OBJC_ARC = YES;
				CLANG_WARN_BOOL_CONVERSION = YES;
				CLANG_WARN_CONSTANT_CONVERSION = YES;
				CLANG_WARN_DIRECT_OBJC_ISA_USAGE = YES_ERROR;
				CLANG_WARN_EMPTY_BODY = YES;
				CLANG_WARN_ENUM_CONVERSION = YES;
				CLANG_WARN_INT_CONVERSION = YES;
				CLANG_WARN_OBJC_ROOT_CLASS = YES_ERROR;
				CLANG_WARN_UNREACHABLE_CODE = YES;
				CLANG_WARN__DUPLICATE_METHOD_MATCH = YES;
				"CODE_SIGN_IDENTITY[sdk=iphoneos*]" = "iPhone Developer";
				COPY_PHASE_STRIP = NO;
				DEBUG_INFORMATION_FORMAT = "dwarf-with-dsym";
				ENABLE_NS_ASSERTIONS = NO;
				ENABLE_STRICT_OBJC_MSGSEND = YES;
				GCC_C_LANGUAGE_STANDARD = gnu99;
				GCC_NO_COMMON_BLOCKS = YES;
				GCC_WARN_64_TO_32_BIT_CONVERSION = YES;
				GCC_WARN_ABOUT_RETURN_TYPE = YES_ERROR;
				GCC_WARN_UNDECLARED_SELECTOR = YES;
				GCC_WARN_UNINITIALIZED_AUTOS = YES_AGGRESSIVE;
				GCC_WARN_UNUSED_FUNCTION = YES;
				GCC_WARN_UNUSED_VARIABLE = YES;
				IPHONEOS_DEPLOYMENT_TARGET = 9.2;
				MTL_ENABLE_DEBUG_INFO = NO;
				SDKROOT = iphoneos;
				VALIDATE_PRODUCT = YES;
			};
			name = Release;
		};
		BA5CF5761C28C2A6008F5DFB /* Debug */ = {
			isa = XCBuildConfiguration;
			buildSettings = {
				ASSETCATALOG_COMPILER_APPICON_NAME = AppIcon;
				CLANG_ENABLE_MODULES = YES;
				INFOPLIST_FILE = MarketEventApp/Info.plist;
				LD_RUNPATH_SEARCH_PATHS = "$(inherited) @executable_path/Frameworks";
				PRODUCT_BUNDLE_IDENTIFIER = net.codecoop.MarketEventApp;
				PRODUCT_NAME = "$(TARGET_NAME)";
				SWIFT_OPTIMIZATION_LEVEL = "-Onone";
				TARGETED_DEVICE_FAMILY = "1,2";
			};
			name = Debug;
		};
		BA5CF5771C28C2A6008F5DFB /* Release */ = {
			isa = XCBuildConfiguration;
			buildSettings = {
				ASSETCATALOG_COMPILER_APPICON_NAME = AppIcon;
				CLANG_ENABLE_MODULES = YES;
				INFOPLIST_FILE = MarketEventApp/Info.plist;
				LD_RUNPATH_SEARCH_PATHS = "$(inherited) @executable_path/Frameworks";
				PRODUCT_BUNDLE_IDENTIFIER = net.codecoop.MarketEventApp;
				PRODUCT_NAME = "$(TARGET_NAME)";
				TARGETED_DEVICE_FAMILY = "1,2";
			};
			name = Release;
		};
/* End XCBuildConfiguration section */

/* Begin XCConfigurationList section */
		BA5CF55E1C28C2A5008F5DFB /* Build configuration list for PBXProject "MarketEventApp" */ = {
			isa = XCConfigurationList;
			buildConfigurations = (
				BA5CF5731C28C2A6008F5DFB /* Debug */,
				BA5CF5741C28C2A6008F5DFB /* Release */,
			);
			defaultConfigurationIsVisible = 0;
			defaultConfigurationName = Release;
		};
		BA5CF5751C28C2A6008F5DFB /* Build configuration list for PBXNativeTarget "MarketEventApp" */ = {
			isa = XCConfigurationList;
			buildConfigurations = (
				BA5CF5761C28C2A6008F5DFB /* Debug */,
				BA5CF5771C28C2A6008F5DFB /* Release */,
			);
			defaultConfigurationIsVisible = 0;
			defaultConfigurationName = Release;
		};
/* End XCConfigurationList section */

/* Begin XCVersionGroup section */
		BAD7E0391C4592160076E61B /* MEA_CoreData.xcdatamodeld */ = {
			isa = XCVersionGroup;
			children = (
				BAD7E03A1C4592160076E61B /* MEA_CoreData.xcdatamodel */,
			);
			currentVersion = BAD7E03A1C4592160076E61B /* MEA_CoreData.xcdatamodel */;
			name = MEA_CoreData.xcdatamodeld;
			path = ../MEA_CoreData.xcdatamodeld;
			sourceTree = "<group>";
			versionGroupType = wrapper.xcdatamodel;
		};
/* End XCVersionGroup section */
	};
	rootObject = BA5CF55B1C28C2A5008F5DFB /* Project object */;
}
